
Microsoft Visual Studio Solution File, Format Version 12.00
# Visual Studio Version 16
VisualStudioVersion = 16.0.29009.5
MinimumVisualStudioVersion = 10.0.40219.1
Project("{FAE04EC0-301F-11D3-BF4B-00C04F79EFBC}") = "PointXY", "PointXY\PointXY.csproj", "{23EECF54-7967-4BA7-9943-E610E730E533}"
EndProject
Global
	GlobalSection(SolutionConfigurationPlatforms) = preSolution
		Debug|Any CPU = Debug|Any CPU
		Release|Any CPU = Release|Any CPU
	EndGlobalSection
	GlobalSection(ProjectConfigurationPlatforms) = postSolution
		{23EECF54-7967-4BA7-9943-E610E730E533}.Debug|Any CPU.ActiveCfg = Debug|Any CPU
		{23EECF54-7967-4BA7-9943-E610E730E533}.Debug|Any CPU.Build.0 = Debug|Any CPU
		{23EECF54-7967-4BA7-9943-E610E730E533}.Release|Any CPU.ActiveCfg = Release|Any CPU
		{23EECF54-7967-4BA7-9943-E610E730E533}.Release|Any CPU.Build.0 = Release|Any CPU
	EndGlobalSection
	GlobalSection(SolutionProperties) = preSolution
		HideSolutionNode = FALSE
	EndGlobalSection
	GlobalSection(ExtensibilityGlobals) = postSolution
		SolutionGuid = {9ACBB6F4-1585-4A29-83E3-72AC50F915EB}
	EndGlobalSection
EndGlobal
